
Microsoft Visual Studio Solution File, Format Version 12.00
# Visual Studio Version 16
VisualStudioVersion = 16.0.29102.190
MinimumVisualStudioVersion = 10.0.40219.1
Project("{E24C65DC-7377-472B-9ABA-BC803B73C61A}") = "Photo", ".", "{C2965890-F2D0-4905-BBED-12C5FB6DBB64}"
	ProjectSection(WebsiteProperties) = preProject
		TargetFrameworkMoniker = ".NETFramework,Version%3Dv4.5"
		Debug.AspNetCompiler.VirtualPath = "/localhost_50837"
		Debug.AspNetCompiler.PhysicalPath = "..\..\..\..\..\Blog\Photo\"
		Debug.AspNetCompiler.TargetPath = "PrecompiledWeb\localhost_50837\"
		Debug.AspNetCompiler.Updateable = "true"
		Debug.AspNetCompiler.ForceOverwrite = "true"
		Debug.AspNetCompiler.FixedNames = "false"
		Debug.AspNetCompiler.Debug = "True"
		Release.AspNetCompiler.VirtualPath = "/localhost_50837"
		Release.AspNetCompiler.PhysicalPath = "..\..\..\..\..\Blog\Photo\"
		Release.AspNetCompiler.TargetPath = "PrecompiledWeb\localhost_50837\"
		Release.AspNetCompiler.Updateable = "true"
		Release.AspNetCompiler.ForceOverwrite = "true"
		Release.AspNetCompiler.FixedNames = "false"
		Release.AspNetCompiler.Debug = "False"
		VWDPort = "50837"
	EndProjectSection
EndProject
Project("{FAE04EC0-301F-11D3-BF4B-00C04F79EFBC}") = "MicroSoft.EnterpriseLibrary.Data", "..\MicroSoft.EnterpriseLibrary.Data\MicroSoft.EnterpriseLibrary.Data.csproj", "{5DE753B9-266D-4D38-96B1-326A5F6F622C}"
EndProject
Global
	GlobalSection(SolutionConfigurationPlatforms) = preSolution
		Debug|Any CPU = Debug|Any CPU
		Release|Any CPU = Release|Any CPU
	EndGlobalSection
	GlobalSection(ProjectConfigurationPlatforms) = postSolution
		{C2965890-F2D0-4905-BBED-12C5FB6DBB64}.Debug|Any CPU.ActiveCfg = Debug|Any CPU
		{C2965890-F2D0-4905-BBED-12C5FB6DBB64}.Debug|Any CPU.Build.0 = Debug|Any CPU
		{C2965890-F2D0-4905-BBED-12C5FB6DBB64}.Release|Any CPU.ActiveCfg = Debug|Any CPU
		{C2965890-F2D0-4905-BBED-12C5FB6DBB64}.Release|Any CPU.Build.0 = Debug|Any CPU
		{5DE753B9-266D-4D38-96B1-326A5F6F622C}.Debug|Any CPU.ActiveCfg = Debug|Any CPU
		{5DE753B9-266D-4D38-96B1-326A5F6F622C}.Debug|Any CPU.Build.0 = Debug|Any CPU
		{5DE753B9-266D-4D38-96B1-326A5F6F622C}.Release|Any CPU.ActiveCfg = Release|Any CPU
		{5DE753B9-266D-4D38-96B1-326A5F6F622C}.Release|Any CPU.Build.0 = Release|Any CPU
	EndGlobalSection
	GlobalSection(SolutionProperties) = preSolution
		HideSolutionNode = FALSE
	EndGlobalSection
	GlobalSection(ExtensibilityGlobals) = postSolution
		SolutionGuid = {E114CE52-1400-4C52-8B06-5AF266D959D2}
	EndGlobalSection
EndGlobal
